dependencies:
- name: kube-prometheus-stack
  repository: https://prometheus-community.github.io/helm-charts
  version: 58.2.2
- name: loki-stack
  repository: https://grafana.github.io/helm-charts
  version: 2.10.2
- name: grafana
  repository: https://grafana.github.io/helm-charts
  version: 7.3.9
digest: sha256:e0029fae4f99a4d049e3fa2648983da051815bad6e01171a51d3f8b2e27b26da
generated: "2026-05-28T07:26:46.058019586Z"
